
Microsoft Visual Studio Solution File, Format Version 12.00
# Visual Studio Version 17
VisualStudioVersion = 17.14.36301.6 d17.14
MinimumVisualStudioVersion = 10.0.40219.1
Project("{FAE04EC0-301F-11D3-BF4B-00C04F79EFBC}") = "PersonalBlog", "PersonalBlog\PersonalBlog.csproj", "{A042AFD1-7EAA-4A94-813B-2AD5A5D075F5}"
EndProject
Global
	GlobalSection(SolutionConfigurationPlatforms) = preSolution
		Debug|Any CPU = Debug|Any CPU
		Release|Any CPU = Release|Any CPU
	EndGlobalSection
	GlobalSection(ProjectConfigurationPlatforms) = postSolution
		{A042AFD1-7EAA-4A94-813B-2AD5A5D075F5}.Debug|Any CPU.ActiveCfg = Debug|Any CPU
		{A042AFD1-7EAA-4A94-813B-2AD5A5D075F5}.Debug|Any CPU.Build.0 = Debug|Any CPU
		{A042AFD1-7EAA-4A94-813B-2AD5A5D075F5}.Release|Any CPU.ActiveCfg = Release|Any CPU
		{A042AFD1-7EAA-4A94-813B-2AD5A5D075F5}.Release|Any CPU.Build.0 = Release|Any CPU
	EndGlobalSection
	GlobalSection(SolutionProperties) = preSolution
		HideSolutionNode = FALSE
	EndGlobalSection
	GlobalSection(ExtensibilityGlobals) = postSolution
		SolutionGuid = {2C607310-EABB-4A6E-BBB2-0645BE26ED9F}
	EndGlobalSection
EndGlobal
